// !$*UTF8*$!
{
	archiveVersion = 1;
	classes = {
	};
	objectVersion = 55;
	objects = {

/* Begin PBXBuildFile section */
		8B585B1C280DE464005C75CF /* CoreDataManager.swift in Sources */ = {isa = PBXBuildFile; fileRef = 8B585B1B280DE464005C75CF /* CoreDataManager.swift */; };
		8B585B23280DE75C005C75CF /* Note+CoreDataClass.swift in Sources */ = {isa = PBXBuildFile; fileRef = 8B585B21280DE75C005C75CF /* Note+CoreDataClass.swift */; };
		8B585B24280DE75C005C75CF /* Note+CoreDataProperties.swift in Sources */ = {isa = PBXBuildFile; fileRef = 8B585B22280DE75C005C75CF /* Note+CoreDataProperties.swift */; };
		8B585B27280DF9B9005C75CF /* EditNoteViewController.swift in Sources */ = {isa = PBXBuildFile; fileRef = 8B585B26280DF9B9005C75CF /* EditNoteViewController.swift */; };
		8B585B29280EB8CF005C75CF /* String? + Ext.swift in Sources */ = {isa = PBXBuildFile; fileRef = 8B585B28280EB8CF005C75CF /* String? + Ext.swift */; };
		8B585B2F280EDD9A005C75CF /* NotesListModel.swift in Sources */ = {isa = PBXBuildFile; fileRef = 8B585B2E280EDD9A005C75CF /* NotesListModel.swift */; };
		8B585B32280EE9B2005C75CF /* .swiftlint.yml in Resources */ = {isa = PBXBuildFile; fileRef = 8B585B31280EE9B2005C75CF /* .swiftlint.yml */; };
		8BDE6324280D850200E79B0C /* AppDelegate.swift in Sources */ = {isa = PBXBuildFile; fileRef = 8BDE6323280D850200E79B0C /* AppDelegate.swift */; };
		8BDE632E280D850200E79B0C /* ExtralogicTestTask.xcdatamodeld in Sources */ = {isa = PBXBuildFile; fileRef = 8BDE632C280D850200E79B0C /* ExtralogicTestTask.xcdatamodeld */; };
		8BDE6330280D850300E79B0C /* Assets.xcassets in Resources */ = {isa = PBXBuildFile; fileRef = 8BDE632F280D850300E79B0C /* Assets.xcassets */; };
		8BDE6333280D850300E79B0C /* LaunchScreen.storyboard in Resources */ = {isa = PBXBuildFile; fileRef = 8BDE6331280D850300E79B0C /* LaunchScreen.storyboard */; };
		8BDE633E280DAD5100E79B0C /* NotesListViewController.swift in Sources */ = {isa = PBXBuildFile; fileRef = 8BDE633D280DAD5100E79B0C /* NotesListViewController.swift */; };
		8BDE6341280DAF9600E79B0C /* UIView + Ext.swift in Sources */ = {isa = PBXBuildFile; fileRef = 8BDE6340280DAF9600E79B0C /* UIView + Ext.swift */; };
		8BDE6344280DB12900E79B0C /* NotesListTableViewCell.swift in Sources */ = {isa = PBXBuildFile; fileRef = 8BDE6343280DB12900E79B0C /* NotesListTableViewCell.swift */; };
		8BDE6347280DBCCE00E79B0C /* Constants.swift in Sources */ = {isa = PBXBuildFile; fileRef = 8BDE6346280DBCCE00E79B0C /* Constants.swift */; };
		8BDE6349280DD2DF00E79B0C /* Date + Ext.swift in Sources */ = {isa = PBXBuildFile; fileRef = 8BDE6348280DD2DF00E79B0C /* Date + Ext.swift */; };
/* End PBXBuildFile section */

/* Begin PBXFileReference section */
		8B585B1B280DE464005C75CF /* CoreDataManager.swift */ = {isa = PBXFileReference; lastKnownFileType = sourcecode.swift; path = CoreDataManager.swift; sourceTree = "<group>"; };
		8B585B21280DE75C005C75CF /* Note+CoreDataClass.swift */ = {isa = PBXFileReference; lastKnownFileType = sourcecode.swift; path = "Note+CoreDataClass.swift"; sourceTree = "<group>"; };
		8B585B22280DE75C005C75CF /* Note+CoreDataProperties.swift */ = {isa = PBXFileReference; lastKnownFileType = sourcecode.swift; path = "Note+CoreDataProperties.swift"; sourceTree = "<group>"; };
		8B585B26280DF9B9005C75CF /* EditNoteViewController.swift */ = {isa = PBXFileReference; lastKnownFileType = sourcecode.swift; path = EditNoteViewController.swift; sourceTree = "<group>"; };
		8B585B28280EB8CF005C75CF /* String? + Ext.swift */ = {isa = PBXFileReference; lastKnownFileType = sourcecode.swift; path = "String? + Ext.swift"; sourceTree = "<group>"; };
		8B585B2E280EDD9A005C75CF /* NotesListModel.swift */ = {isa = PBXFileReference; lastKnownFileType = sourcecode.swift; path = NotesListModel.swift; sourceTree = "<group>"; };
		8B585B31280EE9B2005C75CF /* .swiftlint.yml */ = {isa = PBXFileReference; fileEncoding = 4; lastKnownFileType = text.yaml; path = .swiftlint.yml; sourceTree = "<group>"; };
		8BDE6320280D850200E79B0C /* ExtralogicTestTask.app */ = {isa = PBXFileReference; explicitFileType = wrapper.application; includeInIndex = 0; path = ExtralogicTestTask.app; sourceTree = BUILT_PRODUCTS_DIR; };
		8BDE6323280D850200E79B0C /* AppDelegate.swift */ = {isa = PBXFileReference; lastKnownFileType = sourcecode.swift; path = AppDelegate.swift; sourceTree = "<group>"; };
		8BDE632D280D850200E79B0C /* ExtralogicTestTask.xcdatamodel */ = {isa = PBXFileReference; lastKnownFileType = wrapper.xcdatamodel; path = ExtralogicTestTask.xcdatamodel; sourceTree = "<group>"; };
		8BDE632F280D850300E79B0C /* Assets.xcassets */ = {isa = PBXFileReference; lastKnownFileType = folder.assetcatalog; path = Assets.xcassets; sourceTree = "<group>"; };
		8BDE6332280D850300E79B0C /* Base */ = {isa = PBXFileReference; lastKnownFileType = file.storyboard; name = Base; path = Base.lproj/LaunchScreen.storyboard; sourceTree = "<group>"; };
		8BDE6334280D850300E79B0C /* Info.plist */ = {isa = PBXFileReference; lastKnownFileType = text.plist.xml; path = Info.plist; sourceTree = "<group>"; };
		8BDE633D280DAD5100E79B0C /* NotesListViewController.swift */ = {isa = PBXFileReference; lastKnownFileType = sourcecode.swift; path = NotesListViewController.swift; sourceTree = "<group>"; };
		8BDE6340280DAF9600E79B0C /* UIView + Ext.swift */ = {isa = PBXFileReference; lastKnownFileType = sourcecode.swift; path = "UIView + Ext.swift"; sourceTree = "<group>"; };
		8BDE6343280DB12900E79B0C /* NotesListTableViewCell.swift */ = {isa = PBXFileReference; lastKnownFileType = sourcecode.swift; path = NotesListTableViewCell.swift; sourceTree = "<group>"; };
		8BDE6346280DBCCE00E79B0C /* Constants.swift */ = {isa = PBXFileReference; lastKnownFileType = sourcecode.swift; path = Constants.swift; sourceTree = "<group>"; };
		8BDE6348280DD2DF00E79B0C /* Date + Ext.swift */ = {isa = PBXFileReference; lastKnownFileType = sourcecode.swift; path = "Date + Ext.swift"; sourceTree = "<group>"; };
/* End PBXFileReference section */

/* Begin PBXFrameworksBuildPhase section */
		8BDE631D280D850200E79B0C /* Frameworks */ = {
			isa = PBXFrameworksBuildPhase;
			buildActionMask = 2147483647;
			files = (
			);
			runOnlyForDeploymentPostprocessing = 0;
		};
/* End PBXFrameworksBuildPhase section */

/* Begin PBXGroup section */
		8B585B15280DE2D1005C75CF /* Models */ = {
			isa = PBXGroup;
			children = (
				8B585B21280DE75C005C75CF /* Note+CoreDataClass.swift */,
				8B585B22280DE75C005C75CF /* Note+CoreDataProperties.swift */,
			);
			path = Models;
			sourceTree = "<group>";
		};
		8B585B1A280DE44C005C75CF /* Managers */ = {
			isa = PBXGroup;
			children = (
				8B585B1B280DE464005C75CF /* CoreDataManager.swift */,
			);
			path = Managers;
			sourceTree = "<group>";
		};
		8B585B25280DF999005C75CF /* EditNote */ = {
			isa = PBXGroup;
			children = (
				8B585B26280DF9B9005C75CF /* EditNoteViewController.swift */,
			);
			path = EditNote;
			sourceTree = "<group>";
		};
		8BDE6317280D850200E79B0C = {
			isa = PBXGroup;
			children = (
				8BDE6322280D850200E79B0C /* ExtralogicTestTask */,
				8B585B31280EE9B2005C75CF /* .swiftlint.yml */,
				8BDE6321280D850200E79B0C /* Products */,
			);
			sourceTree = "<group>";
		};
		8BDE6321280D850200E79B0C /* Products */ = {
			isa = PBXGroup;
			children = (
				8BDE6320280D850200E79B0C /* ExtralogicTestTask.app */,
			);
			name = Products;
			sourceTree = "<group>";
		};
		8BDE6322280D850200E79B0C /* ExtralogicTestTask */ = {
			isa = PBXGroup;
			children = (
				8B585B1A280DE44C005C75CF /* Managers */,
				8B585B15280DE2D1005C75CF /* Models */,
				8BDE6345280DBCBF00E79B0C /* Utilities */,
				8BDE633B280DAD0E00E79B0C /* Screens */,
				8BDE633F280DAF6E00E79B0C /* Extensions */,
				8BDE633A280D862C00E79B0C /* Supporting Files */,
			);
			path = ExtralogicTestTask;
			sourceTree = "<group>";
		};
		8BDE633A280D862C00E79B0C /* Supporting Files */ = {
			isa = PBXGroup;
			children = (
				8BDE6323280D850200E79B0C /* AppDelegate.swift */,
				8BDE6331280D850300E79B0C /* LaunchScreen.storyboard */,
				8BDE6334280D850300E79B0C /* Info.plist */,
				8BDE632C280D850200E79B0C /* ExtralogicTestTask.xcdatamodeld */,
				8BDE632F280D850300E79B0C /* Assets.xcassets */,
			);
			path = "Supporting Files";
			sourceTree = "<group>";
		};
		8BDE633B280DAD0E00E79B0C /* Screens */ = {
			isa = PBXGroup;
			children = (
				8BDE633C280DAD1600E79B0C /* NotesList */,
				8B585B25280DF999005C75CF /* EditNote */,
			);
			path = Screens;
			sourceTree = "<group>";
		};
		8BDE633C280DAD1600E79B0C /* NotesList */ = {
			isa = PBXGroup;
			children = (
				8BDE6342280DB0D000E79B0C /* CustomViews */,
				8BDE633D280DAD5100E79B0C /* NotesListViewController.swift */,
				8B585B2E280EDD9A005C75CF /* NotesListModel.swift */,
			);
			path = NotesList;
			sourceTree = "<group>";
		};
		8BDE633F280DAF6E00E79B0C /* Extensions */ = {
			isa = PBXGroup;
			children = (
				8BDE6340280DAF9600E79B0C /* UIView + Ext.swift */,
				8BDE6348280DD2DF00E79B0C /* Date + Ext.swift */,
				8B585B28280EB8CF005C75CF /* String? + Ext.swift */,
			);
			path = Extensions;
			sourceTree = "<group>";
		};
		8BDE6342280DB0D000E79B0C /* CustomViews */ = {
			isa = PBXGroup;
			children = (
				8BDE6343280DB12900E79B0C /* NotesListTableViewCell.swift */,
			);
			path = CustomViews;
			sourceTree = "<group>";
		};
		8BDE6345280DBCBF00E79B0C /* Utilities */ = {
			isa = PBXGroup;
			children = (
				8BDE6346280DBCCE00E79B0C /* Constants.swift */,
			);
			path = Utilities;
			sourceTree = "<group>";
		};
/* End PBXGroup section */

/* Begin PBXNativeTarget section */
		8BDE631F280D850200E79B0C /* ExtralogicTestTask */ = {
			isa = PBXNativeTarget;
			buildConfigurationList = 8BDE6337280D850300E79B0C /* Build configuration list for PBXNativeTarget "ExtralogicTestTask" */;
			buildPhases = (
				8BDE631C280D850200E79B0C /* Sources */,
				8BDE631D280D850200E79B0C /* Frameworks */,
				8BDE631E280D850200E79B0C /* Resources */,
				8B585B30280EE84A005C75CF /* ShellScript */,
			);
			buildRules = (
			);
			dependencies = (
			);
			name = ExtralogicTestTask;
			packageProductDependencies = (
			);
			productName = ExtralogicTestTask;
			productReference = 8BDE6320280D850200E79B0C /* ExtralogicTestTask.app */;
			productType = "com.apple.product-type.application";
		};
/* End PBXNativeTarget section */

/* Begin PBXProject section */
		8BDE6318280D850200E79B0C /* Project object */ = {
			isa = PBXProject;
			attributes = {
				BuildIndependentTargetsInParallel = 1;
				LastSwiftUpdateCheck = 1330;
				LastUpgradeCheck = 1330;
				TargetAttributes = {
					8BDE631F280D850200E79B0C = {
						CreatedOnToolsVersion = 13.3;
					};
				};
			};
			buildConfigurationList = 8BDE631B280D850200E79B0C /* Build configuration list for PBXProject "ExtralogicTestTask" */;
			compatibilityVersion = "Xcode 13.0";
			developmentRegion = en;
			hasScannedForEncodings = 0;
			knownRegions = (
				en,
				Base,
			);
			mainGroup = 8BDE6317280D850200E79B0C;
			packageReferences = (
			);
			productRefGroup = 8BDE6321280D850200E79B0C /* Products */;
			projectDirPath = "";
			projectRoot = "";
			targets = (
				8BDE631F280D850200E79B0C /* ExtralogicTestTask */,
			);
		};
/* End PBXProject section */

/* Begin PBXResourcesBuildPhase section */
		8BDE631E280D850200E79B0C /* Resources */ = {
			isa = PBXResourcesBuildPhase;
			buildActionMask = 2147483647;
			files = (
				8B585B32280EE9B2005C75CF /* .swiftlint.yml in Resources */,
				8BDE6333280D850300E79B0C /* LaunchScreen.storyboard in Resources */,
				8BDE6330280D850300E79B0C /* Assets.xcassets in Resources */,
			);
			runOnlyForDeploymentPostprocessing = 0;
		};
/* End PBXResourcesBuildPhase section */

/* Begin PBXShellScriptBuildPhase section */
		8B585B30280EE84A005C75CF /* ShellScript */ = {
			isa = PBXShellScriptBuildPhase;
			buildActionMask = 2147483647;
			files = (
			);
			inputFileListPaths = (
			);
			inputPaths = (
			);
			outputFileListPaths = (
			);
			outputPaths = (
			);
			runOnlyForDeploymentPostprocessing = 0;
			shellPath = /bin/sh;
			shellScript = "export PATH=\"$PATH:/opt/homebrew/bin\"\nif which swiftlint >/dev/null; then\n    swiftlint\nelse\n    echo \"error: SwiftLint does not exist, download it from https://github.com/realm/SwiftLint\"\n    exit 1\nfi\n";
		};
/* End PBXShellScriptBuildPhase section */

/* Begin PBXSourcesBuildPhase section */
		8BDE631C280D850200E79B0C /* Sources */ = {
			isa = PBXSourcesBuildPhase;
			buildActionMask = 2147483647;
			files = (
				8BDE632E280D850200E79B0C /* ExtralogicTestTask.xcdatamodeld in Sources */,
				8BDE633E280DAD5100E79B0C /* NotesListViewController.swift in Sources */,
				8BDE6341280DAF9600E79B0C /* UIView + Ext.swift in Sources */,
				8BDE6344280DB12900E79B0C /* NotesListTableViewCell.swift in Sources */,
				8B585B27280DF9B9005C75CF /* EditNoteViewController.swift in Sources */,
				8BDE6324280D850200E79B0C /* AppDelegate.swift in Sources */,
				8B585B2F280EDD9A005C75CF /* NotesListModel.swift in Sources */,
				8BDE6349280DD2DF00E79B0C /* Date + Ext.swift in Sources */,
				8B585B23280DE75C005C75CF /* Note+CoreDataClass.swift in Sources */,
				8B585B29280EB8CF005C75CF /* String? + Ext.swift in Sources */,
				8BDE6347280DBCCE00E79B0C /* Constants.swift in Sources */,
				8B585B1C280DE464005C75CF /* CoreDataManager.swift in Sources */,
				8B585B24280DE75C005C75CF /* Note+CoreDataProperties.swift in Sources */,
			);
			runOnlyForDeploymentPostprocessing = 0;
		};
/* End PBXSourcesBuildPhase section */

/* Begin PBXVariantGroup section */
		8BDE6331280D850300E79B0C /* LaunchScreen.storyboard */ = {
			isa = PBXVariantGroup;
			children = (
				8BDE6332280D850300E79B0C /* Base */,
			);
			name = LaunchScreen.storyboard;
			sourceTree = "<group>";
		};
/* End PBXVariantGroup section */

/* Begin XCBuildConfiguration section */
		8BDE6335280D850300E79B0C /* Debug */ = {
			isa = XCBuildConfiguration;
			buildSettings = {
				ALWAYS_SEARCH_USER_PATHS = NO;
				CLANG_ANALYZER_NONNULL = YES;
				CLANG_ANALYZER_NUMBER_OBJECT_CONVERSION = YES_AGGRESSIVE;
				CLANG_CXX_LANGUAGE_STANDARD = "gnu++17";
				CLANG_ENABLE_MODULES = YES;
				CLANG_ENABLE_OBJC_ARC = YES;
				CLANG_ENABLE_OBJC_WEAK = YES;
				CLANG_WARN_BLOCK_CAPTURE_AUTORELEASING = YES;
				CLANG_WARN_BOOL_CONVERSION = YES;
				CLANG_WARN_COMMA = YES;
				CLANG_WARN_CONSTANT_CONVERSION = YES;
				CLANG_WARN_DEPRECATED_OBJC_IMPLEMENTATIONS = YES;
				CLANG_WARN_DIRECT_OBJC_ISA_USAGE = YES_ERROR;
				CLANG_WARN_DOCUMENTATION_COMMENTS = YES;
				CLANG_WARN_EMPTY_BODY = YES;
				CLANG_WARN_ENUM_CONVERSION = YES;
				CLANG_WARN_INFINITE_RECURSION = YES;
				CLANG_WARN_INT_CONVERSION = YES;
				CLANG_WARN_NON_LITERAL_NULL_CONVERSION = YES;
				CLANG_WARN_OBJC_IMPLICIT_RETAIN_SELF = YES;
				CLANG_WARN_OBJC_LITERAL_CONVERSION = YES;
				CLANG_WARN_OBJC_ROOT_CLASS = YES_ERROR;
				CLANG_WARN_QUOTED_INCLUDE_IN_FRAMEWORK_HEADER = YES;
				CLANG_WARN_RANGE_LOOP_ANALYSIS = YES;
				CLANG_WARN_STRICT_PROTOTYPES = YES;
				CLANG_WARN_SUSPICIOUS_MOVE = YES;
				CLANG_WARN_UNGUARDED_AVAILABILITY = YES_AGGRESSIVE;
				CLANG_WARN_UNREACHABLE_CODE = YES;
				CLANG_WARN__DUPLICATE_METHOD_MATCH = YES;
				COPY_PHASE_STRIP = NO;
				DEBUG_INFORMATION_FORMAT = dwarf;
				ENABLE_STRICT_OBJC_MSGSEND = YES;
				ENABLE_TESTABILITY = YES;
				GCC_C_LANGUAGE_STANDARD = gnu11;
				GCC_DYNAMIC_NO_PIC = NO;
				GCC_NO_COMMON_BLOCKS = YES;
				GCC_OPTIMIZATION_LEVEL = 0;
				GCC_PREPROCESSOR_DEFINITIONS = (
					"DEBUG=1",
					"$(inherited)",
				);
				GCC_WARN_64_TO_32_BIT_CONVERSION = YES;
				GCC_WARN_ABOUT_RETURN_TYPE = YES_ERROR;
				GCC_WARN_UNDECLARED_SELECTOR = YES;
				GCC_WARN_UNINITIALIZED_AUTOS = YES_AGGRESSIVE;
				GCC_WARN_UNUSED_FUNCTION = YES;
				GCC_WARN_UNUSED_VARIABLE = YES;
				IPHONEOS_DEPLOYMENT_TARGET = 15.4;
				MTL_ENABLE_DEBUG_INFO = INCLUDE_SOURCE;
				MTL_FAST_MATH = YES;
				ONLY_ACTIVE_ARCH = YES;
				SDKROOT = iphoneos;
				SWIFT_ACTIVE_COMPILATION_CONDITIONS = DEBUG;
				SWIFT_OPTIMIZATION_LEVEL = "-Onone";
			};
			name = Debug;
		};
		8BDE6336280D850300E79B0C /* Release */ = {
			isa = XCBuildConfiguration;
			buildSettings = {
				ALWAYS_SEARCH_USER_PATHS = NO;
				CLANG_ANALYZER_NONNULL = YES;
				CLANG_ANALYZER_NUMBER_OBJECT_CONVERSION = YES_AGGRESSIVE;
				CLANG_CXX_LANGUAGE_STANDARD = "gnu++17";
				CLANG_ENABLE_MODULES = YES;
				CLANG_ENABLE_OBJC_ARC = YES;
				CLANG_ENABLE_OBJC_WEAK = YES;
				CLANG_WARN_BLOCK_CAPTURE_AUTORELEASING = YES;
				CLANG_WARN_BOOL_CONVERSION = YES;
				CLANG_WARN_COMMA = YES;
				CLANG_WARN_CONSTANT_CONVERSION = YES;
				CLANG_WARN_DEPRECATED_OBJC_IMPLEMENTATIONS = YES;
				CLANG_WARN_DIRECT_OBJC_ISA_USAGE = YES_ERROR;
				CLANG_WARN_DOCUMENTATION_COMMENTS = YES;
				CLANG_WARN_EMPTY_BODY = YES;
				CLANG_WARN_ENUM_CONVERSION = YES;
				CLANG_WARN_INFINITE_RECURSION = YES;
				CLANG_WARN_INT_CONVERSION = YES;
				CLANG_WARN_NON_LITERAL_NULL_CONVERSION = YES;
				CLANG_WARN_OBJC_IMPLICIT_RETAIN_SELF = YES;
				CLANG_WARN_OBJC_LITERAL_CONVERSION = YES;
				CLANG_WARN_OBJC_ROOT_CLASS = YES_ERROR;
				CLANG_WARN_QUOTED_INCLUDE_IN_FRAMEWORK_HEADER = YES;
				CLANG_WARN_RANGE_LOOP_ANALYSIS = YES;
				CLANG_WARN_STRICT_PROTOTYPES = YES;
				CLANG_WARN_SUSPICIOUS_MOVE = YES;
				CLANG_WARN_UNGUARDED_AVAILABILITY = YES_AGGRESSIVE;
				CLANG_WARN_UNREACHABLE_CODE = YES;
				CLANG_WARN__DUPLICATE_METHOD_MATCH = YES;
				COPY_PHASE_STRIP = NO;
				DEBUG_INFORMATION_FORMAT = "dwarf-with-dsym";
				ENABLE_NS_ASSERTIONS = NO;
				ENABLE_STRICT_OBJC_MSGSEND = YES;
				GCC_C_LANGUAGE_STANDARD = gnu11;
				GCC_NO_COMMON_BLOCKS = YES;
				GCC_WARN_64_TO_32_BIT_CONVERSION = YES;
				GCC_WARN_ABOUT_RETURN_TYPE = YES_ERROR;
				GCC_WARN_UNDECLARED_SELECTOR = YES;
				GCC_WARN_UNINITIALIZED_AUTOS = YES_AGGRESSIVE;
				GCC_WARN_UNUSED_FUNCTION = YES;
				GCC_WARN_UNUSED_VARIABLE = YES;
				IPHONEOS_DEPLOYMENT_TARGET = 15.4;
				MTL_ENABLE_DEBUG_INFO = NO;
				MTL_FAST_MATH = YES;
				SDKROOT = iphoneos;
				SWIFT_COMPILATION_MODE = wholemodule;
				SWIFT_OPTIMIZATION_LEVEL = "-O";
				VALIDATE_PRODUCT = YES;
			};
			name = Release;
		};
		8BDE6338280D850300E79B0C /* Debug */ = {
			isa = XCBuildConfiguration;
			buildSettings = {
				ASSETCATALOG_COMPILER_APPICON_NAME = AppIcon;
				ASSETCATALOG_COMPILER_GLOBAL_ACCENT_COLOR_NAME = AccentColor;
				CODE_SIGN_STYLE = Automatic;
				CURRENT_PROJECT_VERSION = 1;
				DEVELOPMENT_TEAM = X954LPBPCP;
				GENERATE_INFOPLIST_FILE = YES;
				INFOPLIST_FILE = "ExtralogicTestTask/Supporting Files/Info.plist";
				INFOPLIST_KEY_UIApplicationSupportsIndirectInputEvents = YES;
				INFOPLIST_KEY_UILaunchStoryboardName = LaunchScreen;
				INFOPLIST_KEY_UISupportedInterfaceOrientations_iPad = "UIInterfaceOrientationPortrait UIInterfaceOrientationPortraitUpsideDown UIInterfaceOrientationLandscapeLeft UIInterfaceOrientationLandscapeRight";
				INFOPLIST_KEY_UISupportedInterfaceOrientations_iPhone = "UIInterfaceOrientationPortrait UIInterfaceOrientationLandscapeLeft UIInterfaceOrientationLandscapeRight";
				LD_RUNPATH_SEARCH_PATHS = (
					"$(inherited)",
					"@executable_path/Frameworks",
				);
				MARKETING_VERSION = 1.0;
				PRODUCT_BUNDLE_IDENTIFIER = Home.ExtralogicTestTask;
				PRODUCT_NAME = "$(TARGET_NAME)";
				SWIFT_EMIT_LOC_STRINGS = YES;
				SWIFT_VERSION = 5.0;
				TARGETED_DEVICE_FAMILY = 1;
			};
			name = Debug;
		};
		8BDE6339280D850300E79B0C /* Release */ = {
			isa = XCBuildConfiguration;
			buildSettings = {
				ASSETCATALOG_COMPILER_APPICON_NAME = AppIcon;
				ASSETCATALOG_COMPILER_GLOBAL_ACCENT_COLOR_NAME = AccentColor;
				CODE_SIGN_STYLE = Automatic;
				CURRENT_PROJECT_VERSION = 1;
				DEVELOPMENT_TEAM = X954LPBPCP;
				GENERATE_INFOPLIST_FILE = YES;
				INFOPLIST_FILE = "ExtralogicTestTask/Supporting Files/Info.plist";
				INFOPLIST_KEY_UIApplicationSupportsIndirectInputEvents = YES;
				INFOPLIST_KEY_UILaunchStoryboardName = LaunchScreen;
				INFOPLIST_KEY_UISupportedInterfaceOrientations_iPad = "UIInterfaceOrientationPortrait UIInterfaceOrientationPortraitUpsideDown UIInterfaceOrientationLandscapeLeft UIInterfaceOrientationLandscapeRight";
				INFOPLIST_KEY_UISupportedInterfaceOrientations_iPhone = "UIInterfaceOrientationPortrait UIInterfaceOrientationLandscapeLeft UIInterfaceOrientationLandscapeRight";
				LD_RUNPATH_SEARCH_PATHS = (
					"$(inherited)",
					"@executable_path/Frameworks",
				);
				MARKETING_VERSION = 1.0;
				PRODUCT_BUNDLE_IDENTIFIER = Home.ExtralogicTestTask;
				PRODUCT_NAME = "$(TARGET_NAME)";
				SWIFT_EMIT_LOC_STRINGS = YES;
				SWIFT_VERSION = 5.0;
				TARGETED_DEVICE_FAMILY = 1;
			};
			name = Release;
		};
/* End XCBuildConfiguration section */

/* Begin XCConfigurationList section */
		8BDE631B280D850200E79B0C /* Build configuration list for PBXProject "ExtralogicTestTask" */ = {
			isa = XCConfigurationList;
			buildConfigurations = (
				8BDE6335280D850300E79B0C /* Debug */,
				8BDE6336280D850300E79B0C /* Release */,
			);
			defaultConfigurationIsVisible = 0;
			defaultConfigurationName = Release;
		};
		8BDE6337280D850300E79B0C /* Build configuration list for PBXNativeTarget "ExtralogicTestTask" */ = {
			isa = XCConfigurationList;
			buildConfigurations = (
				8BDE6338280D850300E79B0C /* Debug */,
				8BDE6339280D850300E79B0C /* Release */,
			);
			defaultConfigurationIsVisible = 0;
			defaultConfigurationName = Release;
		};
/* End XCConfigurationList section */

/* Begin XCVersionGroup section */
		8BDE632C280D850200E79B0C /* ExtralogicTestTask.xcdatamodeld */ = {
			isa = XCVersionGroup;
			children = (
				8BDE632D280D850200E79B0C /* ExtralogicTestTask.xcdatamodel */,
			);
			currentVersion = 8BDE632D280D850200E79B0C /* ExtralogicTestTask.xcdatamodel */;
			path = ExtralogicTestTask.xcdatamodeld;
			sourceTree = "<group>";
			versionGroupType = wrapper.xcdatamodel;
		};
/* End XCVersionGroup section */
	};
	rootObject = 8BDE6318280D850200E79B0C /* Project object */;
}
